// !$*UTF8*$!
{
	archiveVersion = 1;
	classes = {
	};
	objectVersion = 48;
	objects = {

/* Begin PBXBuildFile section */
		C025BE2F207F0E3E004BD888 /* AppDelegate.swift in Sources */ = {isa = PBXBuildFile; fileRef = C025BE2E207F0E3E004BD888 /* AppDelegate.swift */; };
		C025BE31207F0E3E004BD888 /* ViewController.swift in Sources */ = {isa = PBXBuildFile; fileRef = C025BE30207F0E3E004BD888 /* ViewController.swift */; };
		C025BE34207F0E3E004BD888 /* Main.storyboard in Resources */ = {isa = PBXBuildFile; fileRef = C025BE32207F0E3E004BD888 /* Main.storyboard */; };
		C025BE36207F0E3E004BD888 /* Assets.xcassets in Resources */ = {isa = PBXBuildFile; fileRef = C025BE35207F0E3E004BD888 /* Assets.xcassets */; };
		C025BE39207F0E3E004BD888 /* LaunchScreen.storyboard in Resources */ = {isa = PBXBuildFile; fileRef = C025BE37207F0E3E004BD888 /* LaunchScreen.storyboard */; };
		C025BE41207F0E84004BD888 /* MBCollectionViewLayout.swift in Sources */ = {isa = PBXBuildFile; fileRef = C025BE40207F0E84004BD888 /* MBCollectionViewLayout.swift */; };
		C025BE43207F0FBA004BD888 /* BubbleViewCell.swift in Sources */ = {isa = PBXBuildFile; fileRef = C025BE42207F0FBA004BD888 /* BubbleViewCell.swift */; };
/* End PBXBuildFile section */

/* Begin PBXFileReference section */
		C025BE2B207F0E3E004BD888 /* MBBubbleView.app */ = {isa = PBXFileReference; explicitFileType = wrapper.application; includeInIndex = 0; path = MBBubbleView.app; sourceTree = BUILT_PRODUCTS_DIR; };
		C025BE2E207F0E3E004BD888 /* AppDelegate.swift */ = {isa = PBXFileReference; lastKnownFileType = sourcecode.swift; path = AppDelegate.swift; sourceTree = "<group>"; };
		C025BE30207F0E3E004BD888 /* ViewController.swift */ = {isa = PBXFileReference; lastKnownFileType = sourcecode.swift; path = ViewController.swift; sourceTree = "<group>"; };
		C025BE33207F0E3E004BD888 /* Base */ = {isa = PBXFileReference; lastKnownFileType = file.storyboard; name = Base; path = Base.lproj/Main.storyboard; sourceTree = "<group>"; };
		C025BE35207F0E3E004BD888 /* Assets.xcassets */ = {isa = PBXFileReference; lastKnownFileType = folder.assetcatalog; path = Assets.xcassets; sourceTree = "<group>"; };
		C025BE38207F0E3E004BD888 /* Base */ = {isa = PBXFileReference; lastKnownFileType = file.storyboard; name = Base; path = Base.lproj/LaunchScreen.storyboard; sourceTree = "<group>"; };
		C025BE3A207F0E3E004BD888 /* Info.plist */ = {isa = PBXFileReference; lastKnownFileType = text.plist.xml; path = Info.plist; sourceTree = "<group>"; };
		C025BE40207F0E84004BD888 /* MBCollectionViewLayout.swift */ = {isa = PBXFileReference; lastKnownFileType = sourcecode.swift; path = MBCollectionViewLayout.swift; sourceTree = "<group>"; };
		C025BE42207F0FBA004BD888 /* BubbleViewCell.swift */ = {isa = PBXFileReference; fileEncoding = 4; lastKnownFileType = sourcecode.swift; path = BubbleViewCell.swift; sourceTree = "<group>"; };
/* End PBXFileReference section */

/* Begin PBXFrameworksBuildPhase section */
		C025BE28207F0E3E004BD888 /* Frameworks */ = {
			isa = PBXFrameworksBuildPhase;
			buildActionMask = 2147483647;
			files = (
			);
			runOnlyForDeploymentPostprocessing = 0;
		};
/* End PBXFrameworksBuildPhase section */

/* Begin PBXGroup section */
		C025BE22207F0E3E004BD888 = {
			isa = PBXGroup;
			children = (
				C025BE2D207F0E3E004BD888 /* MBBubbleView */,
				C025BE2C207F0E3E004BD888 /* Products */,
			);
			sourceTree = "<group>";
		};
		C025BE2C207F0E3E004BD888 /* Products */ = {
			isa = PBXGroup;
			children = (
				C025BE2B207F0E3E004BD888 /* MBBubbleView.app */,
			);
			name = Products;
			sourceTree = "<group>";
		};
		C025BE2D207F0E3E004BD888 /* MBBubbleView */ = {
			isa = PBXGroup;
			children = (
				C025BE42207F0FBA004BD888 /* BubbleViewCell.swift */,
				C025BE2E207F0E3E004BD888 /* AppDelegate.swift */,
				C025BE30207F0E3E004BD888 /* ViewController.swift */,
				C025BE32207F0E3E004BD888 /* Main.storyboard */,
				C025BE35207F0E3E004BD888 /* Assets.xcassets */,
				C025BE37207F0E3E004BD888 /* LaunchScreen.storyboard */,
				C025BE3A207F0E3E004BD888 /* Info.plist */,
				C025BE40207F0E84004BD888 /* MBCollectionViewLayout.swift */,
			);
			path = MBBubbleView;
			sourceTree = "<group>";
		};
/* End PBXGroup section */

/* Begin PBXNativeTarget section */
		C025BE2A207F0E3E004BD888 /* MBBubbleView */ = {
			isa = PBXNativeTarget;
			buildConfigurationList = C025BE3D207F0E3E004BD888 /* Build configuration list for PBXNativeTarget "MBBubbleView" */;
			buildPhases = (
				C025BE27207F0E3E004BD888 /* Sources */,
				C025BE28207F0E3E004BD888 /* Frameworks */,
				C025BE29207F0E3E004BD888 /* Resources */,
			);
			buildRules = (
			);
			dependencies = (
			);
			name = MBBubbleView;
			productName = MBBubbleView;
			productReference = C025BE2B207F0E3E004BD888 /* MBBubbleView.app */;
			productType = "com.apple.product-type.application";
		};
/* End PBXNativeTarget section */

/* Begin PBXProject section */
		C025BE23207F0E3E004BD888 /* Project object */ = {
			isa = PBXProject;
			attributes = {
				LastSwiftUpdateCheck = 0920;
				LastUpgradeCheck = 0920;
				ORGANIZATIONNAME = Abc;
				TargetAttributes = {
					C025BE2A207F0E3E004BD888 = {
						CreatedOnToolsVersion = 9.2;
						ProvisioningStyle = Automatic;
					};
				};
			};
			buildConfigurationList = C025BE26207F0E3E004BD888 /* Build configuration list for PBXProject "MBBubbleView" */;
			compatibilityVersion = "Xcode 8.0";
			developmentRegion = en;
			hasScannedForEncodings = 0;
			knownRegions = (
				en,
				Base,
			);
			mainGroup = C025BE22207F0E3E004BD888;
			productRefGroup = C025BE2C207F0E3E004BD888 /* Products */;
			projectDirPath = "";
			projectRoot = "";
			targets = (
				C025BE2A207F0E3E004BD888 /* MBBubbleView */,
			);
		};
/* End PBXProject section */

/* Begin PBXResourcesBuildPhase section */
		C025BE29207F0E3E004BD888 /* Resources */ = {
			isa = PBXResourcesBuildPhase;
			buildActionMask = 2147483647;
			files = (
				C025BE39207F0E3E004BD888 /* LaunchScreen.storyboard in Resources */,
				C025BE36207F0E3E004BD888 /* Assets.xcassets in Resources */,
				C025BE34207F0E3E004BD888 /* Main.storyboard in Resources */,
			);
			runOnlyForDeploymentPostprocessing = 0;
		};
/* End PBXResourcesBuildPhase section */

/* Begin PBXSourcesBuildPhase section */
		C025BE27207F0E3E004BD888 /* Sources */ = {
			isa = PBXSourcesBuildPhase;
			buildActionMask = 2147483647;
			files = (
				C025BE31207F0E3E004BD888 /* ViewController.swift in Sources */,
				C025BE2F207F0E3E004BD888 /* AppDelegate.swift in Sources */,
				C025BE43207F0FBA004BD888 /* BubbleViewCell.swift in Sources */,
				C025BE41207F0E84004BD888 /* MBCollectionViewLayout.swift in Sources */,
			);
			runOnlyForDeploymentPostprocessing = 0;
		};
/* End PBXSourcesBuildPhase section */

/* Begin PBXVariantGroup section */
		C025BE32207F0E3E004BD888 /* Main.storyboard */ = {
			isa = PBXVariantGroup;
			children = (
				C025BE33207F0E3E004BD888 /* Base */,
			);
			name = Main.storyboard;
			sourceTree = "<group>";
		};
		C025BE37207F0E3E004BD888 /* LaunchScreen.storyboard */ = {
			isa = PBXVariantGroup;
			children = (
				C025BE38207F0E3E004BD888 /* Base */,
			);
			name = LaunchScreen.storyboard;
			sourceTree = "<group>";
		};
/* End PBXVariantGroup section */

/* Begin XCBuildConfiguration section */
		C025BE3B207F0E3E004BD888 /* Debug */ = {
			isa = XCBuildConfiguration;
			buildSettings = {
				ALWAYS_SEARCH_USER_PATHS = NO;
				CLANG_ANALYZER_NONNULL = YES;
				CLANG_ANALYZER_NUMBER_OBJECT_CONVERSION = YES_AGGRESSIVE;
				CLANG_CXX_LANGUAGE_STANDARD = "gnu++14";
				CLANG_CXX_LIBRARY = "libc++";
				CLANG_ENABLE_MODULES = YES;
				CLANG_ENABLE_OBJC_ARC = YES;
				CLANG_WARN_BLOCK_CAPTURE_AUTORELEASING = YES;
				CLANG_WARN_BOOL_CONVERSION = YES;
				CLANG_WARN_COMMA = YES;
				CLANG_WARN_CONSTANT_CONVERSION = YES;
				CLANG_WARN_DIRECT_OBJC_ISA_USAGE = YES_ERROR;
				CLANG_WARN_DOCUMENTATION_COMMENTS = YES;
				CLANG_WARN_EMPTY_BODY = YES;
				CLANG_WARN_ENUM_CONVERSION = YES;
				CLANG_WARN_INFINITE_RECURSION = YES;
				CLANG_WARN_INT_CONVERSION = YES;
				CLANG_WARN_NON_LITERAL_NULL_CONVERSION = YES;
				CLANG_WARN_OBJC_LITERAL_CONVERSION = YES;
				CLANG_WARN_OBJC_ROOT_CLASS = YES_ERROR;
				CLANG_WARN_RANGE_LOOP_ANALYSIS = YES;
				CLANG_WARN_STRICT_PROTOTYPES = YES;
				CLANG_WARN_SUSPICIOUS_MOVE = YES;
				CLANG_WARN_UNGUARDED_AVAILABILITY = YES_AGGRESSIVE;
				CLANG_WARN_UNREACHABLE_CODE = YES;
				CLANG_WARN__DUPLICATE_METHOD_MATCH = YES;
				CODE_SIGN_IDENTITY = "iPhone Developer";
				COPY_PHASE_STRIP = NO;
				DEBUG_INFORMATION_FORMAT = dwarf;
				ENABLE_STRICT_OBJC_MSGSEND = YES;
				ENABLE_TESTABILITY = YES;
				GCC_C_LANGUAGE_STANDARD = gnu11;
				GCC_DYNAMIC_NO_PIC = NO;
				GCC_NO_COMMON_BLOCKS = YES;
				GCC_OPTIMIZATION_LEVEL = 0;
				GCC_PREPROCESSOR_DEFINITIONS = (
					"DEBUG=1",
					"$(inherited)",
				);
				GCC_WARN_64_TO_32_BIT_CONVERSION = YES;
				GCC_WARN_ABOUT_RETURN_TYPE = YES_ERROR;
				GCC_WARN_UNDECLARED_SELECTOR = YES;
				GCC_WARN_UNINITIALIZED_AUTOS = YES_AGGRESSIVE;
				GCC_WARN_UNUSED_FUNCTION = YES;
				GCC_WARN_UNUSED_VARIABLE = YES;
				IPHONEOS_DEPLOYMENT_TARGET = 11.2;
				MTL_ENABLE_DEBUG_INFO = YES;
				ONLY_ACTIVE_ARCH = YES;
				SDKROOT = iphoneos;
				SWIFT_ACTIVE_COMPILATION_CONDITIONS = DEBUG;
				SWIFT_OPTIMIZATION_LEVEL = "-Onone";
			};
			name = Debug;
		};
		C025BE3C207F0E3E004BD888 /* Release */ = {
			isa = XCBuildConfiguration;
			buildSettings = {
				ALWAYS_SEARCH_USER_PATHS = NO;
				CLANG_ANALYZER_NONNULL = YES;
				CLANG_ANALYZER_NUMBER_OBJECT_CONVERSION = YES_AGGRESSIVE;
				CLANG_CXX_LANGUAGE_STANDARD = "gnu++14";
				CLANG_CXX_LIBRARY = "libc++";
				CLANG_ENABLE_MODULES = YES;
				CLANG_ENABLE_OBJC_ARC = YES;
				CLANG_WARN_BLOCK_CAPTURE_AUTORELEASING = YES;
				CLANG_WARN_BOOL_CONVERSION = YES;
				CLANG_WARN_COMMA = YES;
				CLANG_WARN_CONSTANT_CONVERSION = YES;
				CLANG_WARN_DIRECT_OBJC_ISA_USAGE = YES_ERROR;
				CLANG_WARN_DOCUMENTATION_COMMENTS = YES;
				CLANG_WARN_EMPTY_BODY = YES;
				CLANG_WARN_ENUM_CONVERSION = YES;
				CLANG_WARN_INFINITE_RECURSION = YES;
				CLANG_WARN_INT_CONVERSION = YES;
				CLANG_WARN_NON_LITERAL_NULL_CONVERSION = YES;
				CLANG_WARN_OBJC_LITERAL_CONVERSION = YES;
				CLANG_WARN_OBJC_ROOT_CLASS = YES_ERROR;
				CLANG_WARN_RANGE_LOOP_ANALYSIS = YES;
				CLANG_WARN_STRICT_PROTOTYPES = YES;
				CLANG_WARN_SUSPICIOUS_MOVE = YES;
				CLANG_WARN_UNGUARDED_AVAILABILITY = YES_AGGRESSIVE;
				CLANG_WARN_UNREACHABLE_CODE = YES;
				CLANG_WARN__DUPLICATE_METHOD_MATCH = YES;
				CODE_SIGN_IDENTITY = "iPhone Developer";
				COPY_PHASE_STRIP = NO;
				DEBUG_INFORMATION_FORMAT = "dwarf-with-dsym";
				ENABLE_NS_ASSERTIONS = NO;
				ENABLE_STRICT_OBJC_MSGSEND = YES;
				GCC_C_LANGUAGE_STANDARD = gnu11;
				GCC_NO_COMMON_BLOCKS = YES;
				GCC_WARN_64_TO_32_BIT_CONVERSION = YES;
				GCC_WARN_ABOUT_RETURN_TYPE = YES_ERROR;
				GCC_WARN_UNDECLARED_SELECTOR = YES;
				GCC_WARN_UNINITIALIZED_AUTOS = YES_AGGRESSIVE;
				GCC_WARN_UNUSED_FUNCTION = YES;
				GCC_WARN_UNUSED_VARIABLE = YES;
				IPHONEOS_DEPLOYMENT_TARGET = 11.2;
				MTL_ENABLE_DEBUG_INFO = NO;
				SDKROOT = iphoneos;
				SWIFT_OPTIMIZATION_LEVEL = "-Owholemodule";
				VALIDATE_PRODUCT = YES;
			};
			name = Release;
		};
		C025BE3E207F0E3E004BD888 /* Debug */ = {
			isa = XCBuildConfiguration;
			buildSettings = {
				ASSETCATALOG_COMPILER_APPICON_NAME = AppIcon;
				CODE_SIGN_STYLE = Automatic;
				INFOPLIST_FILE = MBBubbleView/Info.plist;
				LD_RUNPATH_SEARCH_PATHS = "$(inherited) @executable_path/Frameworks";
				PRODUCT_BUNDLE_IDENTIFIER = com.developerclouds.MBBubbleView;
				PRODUCT_NAME = "$(TARGET_NAME)";
				SWIFT_VERSION = 4.0;
				TARGETED_DEVICE_FAMILY = "1,2";
			};
			name = Debug;
		};
		C025BE3F207F0E3E004BD888 /* Release */ = {
			isa = XCBuildConfiguration;
			buildSettings = {
				ASSETCATALOG_COMPILER_APPICON_NAME = AppIcon;
				CODE_SIGN_STYLE = Automatic;
				INFOPLIST_FILE = MBBubbleView/Info.plist;
				LD_RUNPATH_SEARCH_PATHS = "$(inherited) @executable_path/Frameworks";
				PRODUCT_BUNDLE_IDENTIFIER = com.developerclouds.MBBubbleView;
				PRODUCT_NAME = "$(TARGET_NAME)";
				SWIFT_VERSION = 4.0;
				TARGETED_DEVICE_FAMILY = "1,2";
			};
			name = Release;
		};
/* End XCBuildConfiguration section */

/* Begin XCConfigurationList section */
		C025BE26207F0E3E004BD888 /* Build configuration list for PBXProject "MBBubbleView" */ = {
			isa = XCConfigurationList;
			buildConfigurations = (
				C025BE3B207F0E3E004BD888 /* Debug */,
				C025BE3C207F0E3E004BD888 /* Release */,
			);
			defaultConfigurationIsVisible = 0;
			defaultConfigurationName = Release;
		};
		C025BE3D207F0E3E004BD888 /* Build configuration list for PBXNativeTarget "MBBubbleView" */ = {
			isa = XCConfigurationList;
			buildConfigurations = (
				C025BE3E207F0E3E004BD888 /* Debug */,
				C025BE3F207F0E3E004BD888 /* Release */,
			);
			defaultConfigurationIsVisible = 0;
			defaultConfigurationName = Release;
		};
/* End XCConfigurationList section */
	};
	rootObject = C025BE23207F0E3E004BD888 /* Project object */;
}
